
Microsoft Visual Studio Solution File, Format Version 11.00
# Visual Studio 2010
Project("{FAE04EC0-301F-11D3-BF4B-00C04F79EFBC}") = "SecuritySwitch", "Source\SecuritySwitch\SecuritySwitch.csproj", "{73BDFCB9-B4EC-46E3-8028-AF13153AB210}"
EndProject
Project("{2150E333-8FDC-42A3-9474-1A3956D46DE8}") = "Notes", "Notes", "{BABBBE25-405F-4E26-9805-9BA9C188EEEB}"
	ProjectSection(SolutionItems) = preProject
		License.txt = License.txt
	EndProjectSection
EndProject
Project("{FAE04EC0-301F-11D3-BF4B-00C04F79EFBC}") = "Tests", "Source\Tests\Tests.csproj", "{234055B7-42B2-4BEB-AB9E-0E36CFF6C305}"
EndProject
Project("{E24C65DC-7377-472B-9ABA-BC803B73C61A}") = "ExampleWebSite", "ExampleWebSite\", "{6657E2D4-956B-46D1-B988-A3455A71E4BA}"
	ProjectSection(WebsiteProperties) = preProject
		TargetFrameworkMoniker = ".NETFramework,Version%3Dv2.0"
		ProjectReferences = "{73BDFCB9-B4EC-46E3-8028-AF13153AB210}|SecuritySwitch.dll;"
		Debug.AspNetCompiler.VirtualPath = "/ExampleWebSite"
		Debug.AspNetCompiler.PhysicalPath = "ExampleWebSite\"
		Debug.AspNetCompiler.TargetPath = "PrecompiledWeb\ExampleWebSite\"
		Debug.AspNetCompiler.Updateable = "true"
		Debug.AspNetCompiler.ForceOverwrite = "true"
		Debug.AspNetCompiler.FixedNames = "false"
		Debug.AspNetCompiler.Debug = "True"
		Release.AspNetCompiler.VirtualPath = "/ExampleWebSite"
		Release.AspNetCompiler.PhysicalPath = "ExampleWebSite\"
		Release.AspNetCompiler.TargetPath = "PrecompiledWeb\ExampleWebSite\"
		Release.AspNetCompiler.Updateable = "true"
		Release.AspNetCompiler.ForceOverwrite = "true"
		Release.AspNetCompiler.FixedNames = "false"
		Release.AspNetCompiler.Debug = "False"
		VWDPort = "58269"
		DefaultWebSiteLanguage = "Visual C#"
	EndProjectSection
EndProject
Global
	GlobalSection(SolutionConfigurationPlatforms) = preSolution
		Debug|Any CPU = Debug|Any CPU
		Release|Any CPU = Release|Any CPU
	EndGlobalSection
	GlobalSection(ProjectConfigurationPlatforms) = postSolution
		{73BDFCB9-B4EC-46E3-8028-AF13153AB210}.Debug|Any CPU.ActiveCfg = Debug|Any CPU
		{73BDFCB9-B4EC-46E3-8028-AF13153AB210}.Debug|Any CPU.Build.0 = Debug|Any CPU
		{73BDFCB9-B4EC-46E3-8028-AF13153AB210}.Release|Any CPU.ActiveCfg = Release|Any CPU
		{73BDFCB9-B4EC-46E3-8028-AF13153AB210}.Release|Any CPU.Build.0 = Release|Any CPU
		{234055B7-42B2-4BEB-AB9E-0E36CFF6C305}.Debug|Any CPU.ActiveCfg = Debug|Any CPU
		{234055B7-42B2-4BEB-AB9E-0E36CFF6C305}.Debug|Any CPU.Build.0 = Debug|Any CPU
		{234055B7-42B2-4BEB-AB9E-0E36CFF6C305}.Release|Any CPU.ActiveCfg = Release|Any CPU
		{234055B7-42B2-4BEB-AB9E-0E36CFF6C305}.Release|Any CPU.Build.0 = Release|Any CPU
		{6657E2D4-956B-46D1-B988-A3455A71E4BA}.Debug|Any CPU.ActiveCfg = Debug|Any CPU
		{6657E2D4-956B-46D1-B988-A3455A71E4BA}.Debug|Any CPU.Build.0 = Debug|Any CPU
		{6657E2D4-956B-46D1-B988-A3455A71E4BA}.Release|Any CPU.ActiveCfg = Debug|Any CPU
		{6657E2D4-956B-46D1-B988-A3455A71E4BA}.Release|Any CPU.Build.0 = Debug|Any CPU
	EndGlobalSection
	GlobalSection(SolutionProperties) = preSolution
		HideSolutionNode = FALSE
	EndGlobalSection
EndGlobal
