
Microsoft Visual Studio Solution File, Format Version 12.00
# Visual Studio 2012
Project("{2150E333-8FDC-42A3-9474-1A3956D46DE8}") = "Docs", "Docs", "{BABBBE25-405F-4E26-9805-9BA9C188EEEB}"
	ProjectSection(SolutionItems) = preProject
		License.txt = License.txt
		ReadMe.txt = ReadMe.txt
		SecuritySwitch-v4.xsd = SecuritySwitch-v4.xsd
	EndProjectSection
EndProject
Project("{2150E333-8FDC-42A3-9474-1A3956D46DE8}") = "NuGet", "NuGet", "{3A1FAFEC-8B1A-46ED-9F7C-B03EE7C83801}"
	ProjectSection(SolutionItems) = preProject
		NuGet\content\web.config.transform = NuGet\content\web.config.transform
	EndProjectSection
EndProject
Project("{FAE04EC0-301F-11D3-BF4B-00C04F79EFBC}") = "SecuritySwitch", "Source\SecuritySwitch\SecuritySwitch.csproj", "{73BDFCB9-B4EC-46E3-8028-AF13153AB210}"
EndProject
Project("{FAE04EC0-301F-11D3-BF4B-00C04F79EFBC}") = "Tests", "Source\Tests\Tests.csproj", "{234055B7-42B2-4BEB-AB9E-0E36CFF6C305}"
EndProject
Project("{FAE04EC0-301F-11D3-BF4B-00C04F79EFBC}") = "ExampleWebSite", "ExampleWebSite\ExampleWebSite.csproj", "{EDE821AC-A302-4248-BDC8-CECEF7B68104}"
EndProject
Project("{2150E333-8FDC-42A3-9474-1A3956D46DE8}") = "Common", "Common", "{53F8CCE2-742A-4653-AB7B-50B4C0FF796A}"
	ProjectSection(SolutionItems) = preProject
		CommonAssemblyInfo.cs = CommonAssemblyInfo.cs
	EndProjectSection
EndProject
Project("{2150E333-8FDC-42A3-9474-1A3956D46DE8}") = ".nuget", ".nuget", "{30B7A3C9-617F-4096-9261-B5E0F9A4FE88}"
	ProjectSection(SolutionItems) = preProject
		.nuget\NuGet.Config = .nuget\NuGet.Config
		.nuget\NuGet.exe = .nuget\NuGet.exe
		.nuget\NuGet.targets = .nuget\NuGet.targets
		.nuget\packages.config = .nuget\packages.config
	EndProjectSection
EndProject
Global
	GlobalSection(SolutionConfigurationPlatforms) = preSolution
		Debug|Any CPU = Debug|Any CPU
		Release|Any CPU = Release|Any CPU
	EndGlobalSection
	GlobalSection(ProjectConfigurationPlatforms) = postSolution
		{73BDFCB9-B4EC-46E3-8028-AF13153AB210}.Debug|Any CPU.ActiveCfg = Debug|Any CPU
		{73BDFCB9-B4EC-46E3-8028-AF13153AB210}.Debug|Any CPU.Build.0 = Debug|Any CPU
		{73BDFCB9-B4EC-46E3-8028-AF13153AB210}.Release|Any CPU.ActiveCfg = Release|Any CPU
		{73BDFCB9-B4EC-46E3-8028-AF13153AB210}.Release|Any CPU.Build.0 = Release|Any CPU
		{234055B7-42B2-4BEB-AB9E-0E36CFF6C305}.Debug|Any CPU.ActiveCfg = Debug|Any CPU
		{234055B7-42B2-4BEB-AB9E-0E36CFF6C305}.Debug|Any CPU.Build.0 = Debug|Any CPU
		{234055B7-42B2-4BEB-AB9E-0E36CFF6C305}.Release|Any CPU.ActiveCfg = Release|Any CPU
		{234055B7-42B2-4BEB-AB9E-0E36CFF6C305}.Release|Any CPU.Build.0 = Release|Any CPU
		{EDE821AC-A302-4248-BDC8-CECEF7B68104}.Debug|Any CPU.ActiveCfg = Debug|Any CPU
		{EDE821AC-A302-4248-BDC8-CECEF7B68104}.Debug|Any CPU.Build.0 = Debug|Any CPU
		{EDE821AC-A302-4248-BDC8-CECEF7B68104}.Release|Any CPU.ActiveCfg = Release|Any CPU
		{EDE821AC-A302-4248-BDC8-CECEF7B68104}.Release|Any CPU.Build.0 = Release|Any CPU
	EndGlobalSection
	GlobalSection(SolutionProperties) = preSolution
		HideSolutionNode = FALSE
	EndGlobalSection
EndGlobal
